
Microsoft Visual Studio Solution File, Format Version 12.00
# Visual Studio Version 16
VisualStudioVersion = 16.0.29613.14
MinimumVisualStudioVersion = 10.0.40219.1
Project("{D954291E-2A0B-460D-934E-DC6B0785DB48}") = "UnoCoreRt.Shared", "UnoCoreRt.Shared\UnoCoreRt.Shared.shproj", "{6279C845-92F8-4333-AB99-3D213163593C}"
EndProject
Project("{FAE04EC0-301F-11D3-BF4B-00C04F79EFBC}") = "UnoCoreRt.UWP", "UnoCoreRt.UWP\UnoCoreRt.UWP.csproj", "{FD2C5391-4BB1-47B4-A14A-601AAD3EC1DE}"
EndProject
Project("{9A19103F-16F7-4668-BE54-9A1E7A4F7556}") = "UnoCoreRt.Wasm", "UnoCoreRt.Wasm\UnoCoreRt.Wasm.csproj", "{4CA2085A-B79C-4EA1-B139-57207513D13F}"
EndProject
Global
	GlobalSection(SharedMSBuildProjectFiles) = preSolution
		UnoCoreRt.Shared\UnoCoreRt.Shared.projitems*{4ca2085a-b79c-4ea1-b139-57207513d13f}*SharedItemsImports = 5
		UnoCoreRt.Shared\UnoCoreRt.Shared.projitems*{6279c845-92f8-4333-ab99-3d213163593c}*SharedItemsImports = 13
		UnoCoreRt.Shared\UnoCoreRt.Shared.projitems*{fd2c5391-4bb1-47b4-a14a-601aad3ec1de}*SharedItemsImports = 4
	EndGlobalSection
	GlobalSection(SolutionConfigurationPlatforms) = preSolution
		Ad-Hoc|Any CPU = Ad-Hoc|Any CPU
		Ad-Hoc|ARM = Ad-Hoc|ARM
		Ad-Hoc|iPhone = Ad-Hoc|iPhone
		Ad-Hoc|iPhoneSimulator = Ad-Hoc|iPhoneSimulator
		Ad-Hoc|x64 = Ad-Hoc|x64
		Ad-Hoc|x86 = Ad-Hoc|x86
		AppStore|Any CPU = AppStore|Any CPU
		AppStore|ARM = AppStore|ARM
		AppStore|iPhone = AppStore|iPhone
		AppStore|iPhoneSimulator = AppStore|iPhoneSimulator
		AppStore|x64 = AppStore|x64
		AppStore|x86 = AppStore|x86
		Debug|Any CPU = Debug|Any CPU
		Debug|ARM = Debug|ARM
		Debug|iPhone = Debug|iPhone
		Debug|iPhoneSimulator = Debug|iPhoneSimulator
		Debug|x64 = Debug|x64
		Debug|x86 = Debug|x86
		Release|Any CPU = Release|Any CPU
		Release|ARM = Release|ARM
		Release|iPhone = Release|iPhone
		Release|iPhoneSimulator = Release|iPhoneSimulator
		Release|x64 = Release|x64
		Release|x86 = Release|x86
	EndGlobalSection
	GlobalSection(ProjectConfigurationPlatforms) = postSolution
		{FD2C5391-4BB1-47B4-A14A-601AAD3EC1DE}.Ad-Hoc|Any CPU.ActiveCfg = Release|x64
		{FD2C5391-4BB1-47B4-A14A-601AAD3EC1DE}.Ad-Hoc|Any CPU.Build.0 = Release|x64
		{FD2C5391-4BB1-47B4-A14A-601AAD3EC1DE}.Ad-Hoc|Any CPU.Deploy.0 = Release|x64
		{FD2C5391-4BB1-47B4-A14A-601AAD3EC1DE}.Ad-Hoc|ARM.ActiveCfg = Release|ARM
		{FD2C5391-4BB1-47B4-A14A-601AAD3EC1DE}.Ad-Hoc|ARM.Build.0 = Release|ARM
		{FD2C5391-4BB1-47B4-A14A-601AAD3EC1DE}.Ad-Hoc|ARM.Deploy.0 = Release|ARM
		{FD2C5391-4BB1-47B4-A14A-601AAD3EC1DE}.Ad-Hoc|iPhone.ActiveCfg = Release|x64
		{FD2C5391-4BB1-47B4-A14A-601AAD3EC1DE}.Ad-Hoc|iPhone.Build.0 = Release|x64
		{FD2C5391-4BB1-47B4-A14A-601AAD3EC1DE}.Ad-Hoc|iPhone.Deploy.0 = Release|x64
		{FD2C5391-4BB1-47B4-A14A-601AAD3EC1DE}.Ad-Hoc|iPhoneSimulator.ActiveCfg = Release|x64
		{FD2C5391-4BB1-47B4-A14A-601AAD3EC1DE}.Ad-Hoc|iPhoneSimulator.Build.0 = Release|x64
		{FD2C5391-4BB1-47B4-A14A-601AAD3EC1DE}.Ad-Hoc|iPhoneSimulator.Deploy.0 = Release|x64
		{FD2C5391-4BB1-47B4-A14A-601AAD3EC1DE}.Ad-Hoc|x64.ActiveCfg = Release|x64
		{FD2C5391-4BB1-47B4-A14A-601AAD3EC1DE}.Ad-Hoc|x64.Build.0 = Release|x64
		{FD2C5391-4BB1-47B4-A14A-601AAD3EC1DE}.Ad-Hoc|x64.Deploy.0 = Release|x64
		{FD2C5391-4BB1-47B4-A14A-601AAD3EC1DE}.Ad-Hoc|x86.ActiveCfg = Release|x86
		{FD2C5391-4BB1-47B4-A14A-601AAD3EC1DE}.Ad-Hoc|x86.Build.0 = Release|x86
		{FD2C5391-4BB1-47B4-A14A-601AAD3EC1DE}.Ad-Hoc|x86.Deploy.0 = Release|x86
		{FD2C5391-4BB1-47B4-A14A-601AAD3EC1DE}.AppStore|Any CPU.ActiveCfg = Release|x64
		{FD2C5391-4BB1-47B4-A14A-601AAD3EC1DE}.AppStore|Any CPU.Build.0 = Release|x64
		{FD2C5391-4BB1-47B4-A14A-601AAD3EC1DE}.AppStore|Any CPU.Deploy.0 = Release|x64
		{FD2C5391-4BB1-47B4-A14A-601AAD3EC1DE}.AppStore|ARM.ActiveCfg = Release|ARM
		{FD2C5391-4BB1-47B4-A14A-601AAD3EC1DE}.AppStore|ARM.Build.0 = Release|ARM
		{FD2C5391-4BB1-47B4-A14A-601AAD3EC1DE}.AppStore|ARM.Deploy.0 = Release|ARM
		{FD2C5391-4BB1-47B4-A14A-601AAD3EC1DE}.AppStore|iPhone.ActiveCfg = Release|x64
		{FD2C5391-4BB1-47B4-A14A-601AAD3EC1DE}.AppStore|iPhone.Build.0 = Release|x64
		{FD2C5391-4BB1-47B4-A14A-601AAD3EC1DE}.AppStore|iPhone.Deploy.0 = Release|x64
		{FD2C5391-4BB1-47B4-A14A-601AAD3EC1DE}.AppStore|iPhoneSimulator.ActiveCfg = Release|x64
		{FD2C5391-4BB1-47B4-A14A-601AAD3EC1DE}.AppStore|iPhoneSimulator.Build.0 = Release|x64
		{FD2C5391-4BB1-47B4-A14A-601AAD3EC1DE}.AppStore|iPhoneSimulator.Deploy.0 = Release|x64
		{FD2C5391-4BB1-47B4-A14A-601AAD3EC1DE}.AppStore|x64.ActiveCfg = Release|x64
		{FD2C5391-4BB1-47B4-A14A-601AAD3EC1DE}.AppStore|x64.Build.0 = Release|x64
		{FD2C5391-4BB1-47B4-A14A-601AAD3EC1DE}.AppStore|x64.Deploy.0 = Release|x64
		{FD2C5391-4BB1-47B4-A14A-601AAD3EC1DE}.AppStore|x86.ActiveCfg = Release|x86
		{FD2C5391-4BB1-47B4-A14A-601AAD3EC1DE}.AppStore|x86.Build.0 = Release|x86
		{FD2C5391-4BB1-47B4-A14A-601AAD3EC1DE}.AppStore|x86.Deploy.0 = Release|x86
		{FD2C5391-4BB1-47B4-A14A-601AAD3EC1DE}.Debug|Any CPU.ActiveCfg = Debug|x86
		{FD2C5391-4BB1-47B4-A14A-601AAD3EC1DE}.Debug|ARM.ActiveCfg = Debug|ARM
		{FD2C5391-4BB1-47B4-A14A-601AAD3EC1DE}.Debug|ARM.Build.0 = Debug|ARM
		{FD2C5391-4BB1-47B4-A14A-601AAD3EC1DE}.Debug|ARM.Deploy.0 = Debug|ARM
		{FD2C5391-4BB1-47B4-A14A-601AAD3EC1DE}.Debug|iPhone.ActiveCfg = Debug|x86
		{FD2C5391-4BB1-47B4-A14A-601AAD3EC1DE}.Debug|iPhoneSimulator.ActiveCfg = Debug|x86
		{FD2C5391-4BB1-47B4-A14A-601AAD3EC1DE}.Debug|x64.ActiveCfg = Debug|x64
		{FD2C5391-4BB1-47B4-A14A-601AAD3EC1DE}.Debug|x64.Build.0 = Debug|x64
		{FD2C5391-4BB1-47B4-A14A-601AAD3EC1DE}.Debug|x64.Deploy.0 = Debug|x64
		{FD2C5391-4BB1-47B4-A14A-601AAD3EC1DE}.Debug|x86.ActiveCfg = Debug|x86
		{FD2C5391-4BB1-47B4-A14A-601AAD3EC1DE}.Debug|x86.Build.0 = Debug|x86
		{FD2C5391-4BB1-47B4-A14A-601AAD3EC1DE}.Debug|x86.Deploy.0 = Debug|x86
		{FD2C5391-4BB1-47B4-A14A-601AAD3EC1DE}.Release|Any CPU.ActiveCfg = Release|x86
		{FD2C5391-4BB1-47B4-A14A-601AAD3EC1DE}.Release|ARM.ActiveCfg = Release|ARM
		{FD2C5391-4BB1-47B4-A14A-601AAD3EC1DE}.Release|ARM.Build.0 = Release|ARM
		{FD2C5391-4BB1-47B4-A14A-601AAD3EC1DE}.Release|ARM.Deploy.0 = Release|ARM
		{FD2C5391-4BB1-47B4-A14A-601AAD3EC1DE}.Release|iPhone.ActiveCfg = Release|x86
		{FD2C5391-4BB1-47B4-A14A-601AAD3EC1DE}.Release|iPhoneSimulator.ActiveCfg = Release|x86
		{FD2C5391-4BB1-47B4-A14A-601AAD3EC1DE}.Release|x64.ActiveCfg = Release|x64
		{FD2C5391-4BB1-47B4-A14A-601AAD3EC1DE}.Release|x64.Build.0 = Release|x64
		{FD2C5391-4BB1-47B4-A14A-601AAD3EC1DE}.Release|x64.Deploy.0 = Release|x64
		{FD2C5391-4BB1-47B4-A14A-601AAD3EC1DE}.Release|x86.ActiveCfg = Release|x86
		{FD2C5391-4BB1-47B4-A14A-601AAD3EC1DE}.Release|x86.Build.0 = Release|x86
		{FD2C5391-4BB1-47B4-A14A-601AAD3EC1DE}.Release|x86.Deploy.0 = Release|x86
		{4CA2085A-B79C-4EA1-B139-57207513D13F}.Ad-Hoc|Any CPU.ActiveCfg = Debug|Any CPU
		{4CA2085A-B79C-4EA1-B139-57207513D13F}.Ad-Hoc|Any CPU.Build.0 = Debug|Any CPU
		{4CA2085A-B79C-4EA1-B139-57207513D13F}.Ad-Hoc|ARM.ActiveCfg = Debug|Any CPU
		{4CA2085A-B79C-4EA1-B139-57207513D13F}.Ad-Hoc|ARM.Build.0 = Debug|Any CPU
		{4CA2085A-B79C-4EA1-B139-57207513D13F}.Ad-Hoc|iPhone.ActiveCfg = Debug|Any CPU
		{4CA2085A-B79C-4EA1-B139-57207513D13F}.Ad-Hoc|iPhone.Build.0 = Debug|Any CPU
		{4CA2085A-B79C-4EA1-B139-57207513D13F}.Ad-Hoc|iPhoneSimulator.ActiveCfg = Debug|Any CPU
		{4CA2085A-B79C-4EA1-B139-57207513D13F}.Ad-Hoc|iPhoneSimulator.Build.0 = Debug|Any CPU
		{4CA2085A-B79C-4EA1-B139-57207513D13F}.Ad-Hoc|x64.ActiveCfg = Debug|Any CPU
		{4CA2085A-B79C-4EA1-B139-57207513D13F}.Ad-Hoc|x64.Build.0 = Debug|Any CPU
		{4CA2085A-B79C-4EA1-B139-57207513D13F}.Ad-Hoc|x86.ActiveCfg = Debug|Any CPU
		{4CA2085A-B79C-4EA1-B139-57207513D13F}.Ad-Hoc|x86.Build.0 = Debug|Any CPU
		{4CA2085A-B79C-4EA1-B139-57207513D13F}.AppStore|Any CPU.ActiveCfg = Debug|Any CPU
		{4CA2085A-B79C-4EA1-B139-57207513D13F}.AppStore|Any CPU.Build.0 = Debug|Any CPU
		{4CA2085A-B79C-4EA1-B139-57207513D13F}.AppStore|ARM.ActiveCfg = Debug|Any CPU
		{4CA2085A-B79C-4EA1-B139-57207513D13F}.AppStore|ARM.Build.0 = Debug|Any CPU
		{4CA2085A-B79C-4EA1-B139-57207513D13F}.AppStore|iPhone.ActiveCfg = Debug|Any CPU
		{4CA2085A-B79C-4EA1-B139-57207513D13F}.AppStore|iPhone.Build.0 = Debug|Any CPU
		{4CA2085A-B79C-4EA1-B139-57207513D13F}.AppStore|iPhoneSimulator.ActiveCfg = Debug|Any CPU
		{4CA2085A-B79C-4EA1-B139-57207513D13F}.AppStore|iPhoneSimulator.Build.0 = Debug|Any CPU
		{4CA2085A-B79C-4EA1-B139-57207513D13F}.AppStore|x64.ActiveCfg = Debug|Any CPU
		{4CA2085A-B79C-4EA1-B139-57207513D13F}.AppStore|x64.Build.0 = Debug|Any CPU
		{4CA2085A-B79C-4EA1-B139-57207513D13F}.AppStore|x86.ActiveCfg = Debug|Any CPU
		{4CA2085A-B79C-4EA1-B139-57207513D13F}.AppStore|x86.Build.0 = Debug|Any CPU
		{4CA2085A-B79C-4EA1-B139-57207513D13F}.Debug|Any CPU.ActiveCfg = Debug|Any CPU
		{4CA2085A-B79C-4EA1-B139-57207513D13F}.Debug|Any CPU.Build.0 = Debug|Any CPU
		{4CA2085A-B79C-4EA1-B139-57207513D13F}.Debug|ARM.ActiveCfg = Debug|Any CPU
		{4CA2085A-B79C-4EA1-B139-57207513D13F}.Debug|ARM.Build.0 = Debug|Any CPU
		{4CA2085A-B79C-4EA1-B139-57207513D13F}.Debug|iPhone.ActiveCfg = Debug|Any CPU
		{4CA2085A-B79C-4EA1-B139-57207513D13F}.Debug|iPhone.Build.0 = Debug|Any CPU
		{4CA2085A-B79C-4EA1-B139-57207513D13F}.Debug|iPhoneSimulator.ActiveCfg = Debug|Any CPU
		{4CA2085A-B79C-4EA1-B139-57207513D13F}.Debug|iPhoneSimulator.Build.0 = Debug|Any CPU
		{4CA2085A-B79C-4EA1-B139-57207513D13F}.Debug|x64.ActiveCfg = Debug|Any CPU
		{4CA2085A-B79C-4EA1-B139-57207513D13F}.Debug|x64.Build.0 = Debug|Any CPU
		{4CA2085A-B79C-4EA1-B139-57207513D13F}.Debug|x86.ActiveCfg = Debug|Any CPU
		{4CA2085A-B79C-4EA1-B139-57207513D13F}.Debug|x86.Build.0 = Debug|Any CPU
		{4CA2085A-B79C-4EA1-B139-57207513D13F}.Release|Any CPU.ActiveCfg = Release|Any CPU
		{4CA2085A-B79C-4EA1-B139-57207513D13F}.Release|Any CPU.Build.0 = Release|Any CPU
		{4CA2085A-B79C-4EA1-B139-57207513D13F}.Release|ARM.ActiveCfg = Release|Any CPU
		{4CA2085A-B79C-4EA1-B139-57207513D13F}.Release|ARM.Build.0 = Release|Any CPU
		{4CA2085A-B79C-4EA1-B139-57207513D13F}.Release|iPhone.ActiveCfg = Release|Any CPU
		{4CA2085A-B79C-4EA1-B139-57207513D13F}.Release|iPhone.Build.0 = Release|Any CPU
		{4CA2085A-B79C-4EA1-B139-57207513D13F}.Release|iPhoneSimulator.ActiveCfg = Release|Any CPU
		{4CA2085A-B79C-4EA1-B139-57207513D13F}.Release|iPhoneSimulator.Build.0 = Release|Any CPU
		{4CA2085A-B79C-4EA1-B139-57207513D13F}.Release|x64.ActiveCfg = Release|Any CPU
		{4CA2085A-B79C-4EA1-B139-57207513D13F}.Release|x64.Build.0 = Release|Any CPU
		{4CA2085A-B79C-4EA1-B139-57207513D13F}.Release|x86.ActiveCfg = Release|Any CPU
		{4CA2085A-B79C-4EA1-B139-57207513D13F}.Release|x86.Build.0 = Release|Any CPU
	EndGlobalSection
	GlobalSection(SolutionProperties) = preSolution
		HideSolutionNode = FALSE
	EndGlobalSection
	GlobalSection(ExtensibilityGlobals) = postSolution
		SolutionGuid = {71C53CA3-2186-4994-AD7E-9F46658DA404}
	EndGlobalSection
EndGlobal
